
Microsoft Visual Studio Solution File, Format Version 12.00
# Visual Studio Version 17
VisualStudioVersion = 17.0.31903.59
MinimumVisualStudioVersion = 10.0.40219.1
Project("{2150E333-8FDC-42A3-9474-1A3956D46DE8}") = "test", "test", "{111CE62E-81C5-4E47-9203-A24691FDED6D}"
EndProject
Project("{2150E333-8FDC-42A3-9474-1A3956D46DE8}") = "webapi", "webapi", "{42543339-DDA2-4B6B-A762-DCB032ED4B6E}"
EndProject
Project("{FAE04EC0-301F-11D3-BF4B-00C04F79EFBC}") = "api.organisations.webapitests", "test\webapi\api.organisations.webapitests\api.organisations.webapitests.csproj", "{6760AB78-6F65-4D79-9F04-ECEF57403175}"
EndProject
Project("{2150E333-8FDC-42A3-9474-1A3956D46DE8}") = "src", "src", "{24F29D47-6C07-4D93-91CD-6C56AC120257}"
EndProject
Project("{2150E333-8FDC-42A3-9474-1A3956D46DE8}") = "webapi", "webapi", "{40D8120D-5456-459A-9D72-D1699D831601}"
EndProject
Project("{FAE04EC0-301F-11D3-BF4B-00C04F79EFBC}") = "api.organisations", "src\webapi\api.organisations\api.organisations.csproj", "{060833A9-1C12-4C2B-BB6A-C4A1EAF237CA}"
EndProject
Project("{2150E333-8FDC-42A3-9474-1A3956D46DE8}") = "domain", "domain", "{1E0EBAEE-E5F3-46A8-A208-14DCEA6DEF48}"
EndProject
Project("{FAE04EC0-301F-11D3-BF4B-00C04F79EFBC}") = "api.organisations.domain", "src\domain\api.organisations.domain\api.organisations.domain.csproj", "{8C29A8F3-E4EB-4F83-8A4D-E10A32D384BD}"
EndProject
Project("{2150E333-8FDC-42A3-9474-1A3956D46DE8}") = "repository", "repository", "{E83D0ABB-2AD3-4EF3-9427-18043114EE56}"
EndProject
Project("{FAE04EC0-301F-11D3-BF4B-00C04F79EFBC}") = "api.organisations.repositories", "src\repository\api.organisations.repositories\api.organisations.repositories.csproj", "{FFC89CBB-3EE4-4715-BFE8-AA466E3D37D4}"
EndProject
Project("{2150E333-8FDC-42A3-9474-1A3956D46DE8}") = "domain", "domain", "{A2159996-A8A8-405F-914A-E2C70932D4A1}"
EndProject
Project("{FAE04EC0-301F-11D3-BF4B-00C04F79EFBC}") = "api.organisations.domain.tests", "test\domain\api.organisations.domaintests\api.organisations.domain.tests.csproj", "{28D9EFE1-2A7E-4003-8993-8AC220E8D95C}"
EndProject
Global
	GlobalSection(SolutionConfigurationPlatforms) = preSolution
		Debug|Any CPU = Debug|Any CPU
		Release|Any CPU = Release|Any CPU
	EndGlobalSection
	GlobalSection(SolutionProperties) = preSolution
		HideSolutionNode = FALSE
	EndGlobalSection
	GlobalSection(ProjectConfigurationPlatforms) = postSolution
		{6760AB78-6F65-4D79-9F04-ECEF57403175}.Debug|Any CPU.ActiveCfg = Debug|Any CPU
		{6760AB78-6F65-4D79-9F04-ECEF57403175}.Debug|Any CPU.Build.0 = Debug|Any CPU
		{6760AB78-6F65-4D79-9F04-ECEF57403175}.Release|Any CPU.ActiveCfg = Release|Any CPU
		{6760AB78-6F65-4D79-9F04-ECEF57403175}.Release|Any CPU.Build.0 = Release|Any CPU
		{060833A9-1C12-4C2B-BB6A-C4A1EAF237CA}.Debug|Any CPU.ActiveCfg = Debug|Any CPU
		{060833A9-1C12-4C2B-BB6A-C4A1EAF237CA}.Debug|Any CPU.Build.0 = Debug|Any CPU
		{060833A9-1C12-4C2B-BB6A-C4A1EAF237CA}.Release|Any CPU.ActiveCfg = Release|Any CPU
		{060833A9-1C12-4C2B-BB6A-C4A1EAF237CA}.Release|Any CPU.Build.0 = Release|Any CPU
		{8C29A8F3-E4EB-4F83-8A4D-E10A32D384BD}.Debug|Any CPU.ActiveCfg = Debug|Any CPU
		{8C29A8F3-E4EB-4F83-8A4D-E10A32D384BD}.Debug|Any CPU.Build.0 = Debug|Any CPU
		{8C29A8F3-E4EB-4F83-8A4D-E10A32D384BD}.Release|Any CPU.ActiveCfg = Release|Any CPU
		{8C29A8F3-E4EB-4F83-8A4D-E10A32D384BD}.Release|Any CPU.Build.0 = Release|Any CPU
		{FFC89CBB-3EE4-4715-BFE8-AA466E3D37D4}.Debug|Any CPU.ActiveCfg = Debug|Any CPU
		{FFC89CBB-3EE4-4715-BFE8-AA466E3D37D4}.Debug|Any CPU.Build.0 = Debug|Any CPU
		{FFC89CBB-3EE4-4715-BFE8-AA466E3D37D4}.Release|Any CPU.ActiveCfg = Release|Any CPU
		{FFC89CBB-3EE4-4715-BFE8-AA466E3D37D4}.Release|Any CPU.Build.0 = Release|Any CPU
		{28D9EFE1-2A7E-4003-8993-8AC220E8D95C}.Debug|Any CPU.ActiveCfg = Debug|Any CPU
		{28D9EFE1-2A7E-4003-8993-8AC220E8D95C}.Debug|Any CPU.Build.0 = Debug|Any CPU
		{28D9EFE1-2A7E-4003-8993-8AC220E8D95C}.Release|Any CPU.ActiveCfg = Release|Any CPU
		{28D9EFE1-2A7E-4003-8993-8AC220E8D95C}.Release|Any CPU.Build.0 = Release|Any CPU
	EndGlobalSection
	GlobalSection(NestedProjects) = preSolution
		{42543339-DDA2-4B6B-A762-DCB032ED4B6E} = {111CE62E-81C5-4E47-9203-A24691FDED6D}
		{6760AB78-6F65-4D79-9F04-ECEF57403175} = {42543339-DDA2-4B6B-A762-DCB032ED4B6E}
		{40D8120D-5456-459A-9D72-D1699D831601} = {24F29D47-6C07-4D93-91CD-6C56AC120257}
		{060833A9-1C12-4C2B-BB6A-C4A1EAF237CA} = {40D8120D-5456-459A-9D72-D1699D831601}
		{1E0EBAEE-E5F3-46A8-A208-14DCEA6DEF48} = {24F29D47-6C07-4D93-91CD-6C56AC120257}
		{8C29A8F3-E4EB-4F83-8A4D-E10A32D384BD} = {1E0EBAEE-E5F3-46A8-A208-14DCEA6DEF48}
		{E83D0ABB-2AD3-4EF3-9427-18043114EE56} = {24F29D47-6C07-4D93-91CD-6C56AC120257}
		{FFC89CBB-3EE4-4715-BFE8-AA466E3D37D4} = {E83D0ABB-2AD3-4EF3-9427-18043114EE56}
		{A2159996-A8A8-405F-914A-E2C70932D4A1} = {111CE62E-81C5-4E47-9203-A24691FDED6D}
		{28D9EFE1-2A7E-4003-8993-8AC220E8D95C} = {A2159996-A8A8-405F-914A-E2C70932D4A1}
	EndGlobalSection
EndGlobal
